
Microsoft Visual Studio Solution File, Format Version 12.00
# Visual Studio 14
VisualStudioVersion = 14.0.25420.1
MinimumVisualStudioVersion = 10.0.40219.1
Project("{FAE04EC0-301F-11D3-BF4B-00C04F79EFBC}") = "MortgageCalculatorWebClient", "MortgageCalculatorWebClient\MortgageCalculatorWebClient.csproj", "{6B6C913B-6FB2-42E4-9AA1-7260AF0BBECC}"
EndProject
Project("{FAE04EC0-301F-11D3-BF4B-00C04F79EFBC}") = "MortgageCalculatorTcpClient", "MortgageCalculatorTcpClient\MortgageCalculatorTcpClient.csproj", "{33F6286A-38D4-4815-B9EF-DCBB9A986EF6}"
EndProject
Global
	GlobalSection(SolutionConfigurationPlatforms) = preSolution
		Debug|Any CPU = Debug|Any CPU
		Release|Any CPU = Release|Any CPU
	EndGlobalSection
	GlobalSection(ProjectConfigurationPlatforms) = postSolution
		{6B6C913B-6FB2-42E4-9AA1-7260AF0BBECC}.Debug|Any CPU.ActiveCfg = Debug|Any CPU
		{6B6C913B-6FB2-42E4-9AA1-7260AF0BBECC}.Debug|Any CPU.Build.0 = Debug|Any CPU
		{6B6C913B-6FB2-42E4-9AA1-7260AF0BBECC}.Release|Any CPU.ActiveCfg = Release|Any CPU
		{6B6C913B-6FB2-42E4-9AA1-7260AF0BBECC}.Release|Any CPU.Build.0 = Release|Any CPU
		{33F6286A-38D4-4815-B9EF-DCBB9A986EF6}.Debug|Any CPU.ActiveCfg = Debug|Any CPU
		{33F6286A-38D4-4815-B9EF-DCBB9A986EF6}.Debug|Any CPU.Build.0 = Debug|Any CPU
		{33F6286A-38D4-4815-B9EF-DCBB9A986EF6}.Release|Any CPU.ActiveCfg = Release|Any CPU
		{33F6286A-38D4-4815-B9EF-DCBB9A986EF6}.Release|Any CPU.Build.0 = Release|Any CPU
	EndGlobalSection
	GlobalSection(SolutionProperties) = preSolution
		HideSolutionNode = FALSE
	EndGlobalSection
EndGlobal
